{
  "name": "arena-of-the-damned",
  "version": "1.0.0",
  "lockfileVersion": 1,
  "requires": true,
  "dependencies": {
    "@pixi/accessibility": {
      "version": "5.0.0",
      "resolved": "https://registry.npmjs.org/@pixi/accessibility/-/accessibility-5.0.0.tgz",
      "integrity": "sha512-7b8ZBI4Qz18I7Xsh8DYEvQ9A4tnAettplJ59aNAPPsa66r4cfnXhjirzFbd6VnjeXDj05ksi7MNdtrcDSVRppw==",
      "requires": {
        "@pixi/core": "5.0.0",
        "@pixi/display": "5.0.0",
        "@pixi/utils": "5.0.0"
      }
    },
    "@pixi/app": {
      "version": "5.0.0",
      "resolved": "https://registry.npmjs.org/@pixi/app/-/app-5.0.0.tgz",
      "integrity": "sha512-hoqnWK9qSNa+PjTWg2iUgpbtbvpnHNiaSED4bCz8b1TaI8oDrGjSaD4+la9AJjdUIWxD2E2P4+FCrDr31N+6sw==",
      "requires": {
        "@pixi/core": "5.0.0",
        "@pixi/display": "5.0.0"
      }
    },
    "@pixi/constants": {
      "version": "5.0.0-rc.3",
      "resolved": "https://registry.npmjs.org/@pixi/constants/-/constants-5.0.0-rc.3.tgz",
      "integrity": "sha512-PrMmpD6EcQpwx4UkPnYcPuk63oqW3LG2Y+gFMEWVO0nBrkVw0JY/5uwJ9wRz0AiQotFdpd/AmMC3mZl8y1l7jw=="
    },
    "@pixi/core": {
      "version": "5.0.0",
      "resolved": "https://registry.npmjs.org/@pixi/core/-/core-5.0.0.tgz",
      "integrity": "sha512-TLWOt5Skmddj8BcAuUBOvy5Io6Y7VcZvqbsKFvCgwVO857g1ZvkNbhuVBErfRuKxzkKqng4DO9uOdvPAuUwfqQ==",
      "requires": {
        "@pixi/constants": "5.0.0-rc.3",
        "@pixi/display": "5.0.0",
        "@pixi/math": "5.0.0-rc.3",
        "@pixi/runner": "5.0.0",
        "@pixi/settings": "5.0.0",
        "@pixi/ticker": "5.0.0",
        "@pixi/utils": "5.0.0"
      }
    },
    "@pixi/display": {
      "version": "5.0.0",
      "resolved": "https://registry.npmjs.org/@pixi/display/-/display-5.0.0.tgz",
      "integrity": "sha512-F3tJfrrBFhi0OrIXTWVK5I+GwFzG3bmBfnXNHc3iClU0IsQtw/bmz2LSTIjBb4HaXaNuNv5fvltfS5UywzneOQ==",
      "requires": {
        "@pixi/math": "5.0.0-rc.3",
        "@pixi/settings": "5.0.0",
        "@pixi/utils": "5.0.0"
      }
    },
    "@pixi/extract": {
      "version": "5.0.0",
      "resolved": "https://registry.npmjs.org/@pixi/extract/-/extract-5.0.0.tgz",
      "integrity": "sha512-ghzEWcunJV46exnlOIkzmrSbIgLYfD8Nb5P4H5JijTnaPUte1/1BT3nedHT8Law6mBtL2Cype0ZS72CbhaJVnw==",
      "requires": {
        "@pixi/core": "5.0.0",
        "@pixi/math": "5.0.0-rc.3",
        "@pixi/utils": "5.0.0"
      }
    },
    "@pixi/filter-alpha": {
      "version": "5.0.0",
      "resolved": "https://registry.npmjs.org/@pixi/filter-alpha/-/filter-alpha-5.0.0.tgz",
      "integrity": "sha512-6bGuedGAI4kcULa3NXTQSN7owlWQkDiw85xTVcgFYmOW4cH3Z1yOs6Sc4X2jzbVqDpn9v4riMur7sH4ZV6nzXA==",
      "requires": {
        "@pixi/core": "5.0.0"
      }
    },
    "@pixi/filter-blur": {
      "version": "5.0.0",
      "resolved": "https://registry.npmjs.org/@pixi/filter-blur/-/filter-blur-5.0.0.tgz",
      "integrity": "sha512-9OqS6LHPuzVMhuGEDjKc2PU2nDXL2g3unNLFn5ywQ69ISkN/xok6pgK3WZUuj0QhOls/HNbFLiI618lb7NNS1w==",
      "requires": {
        "@pixi/core": "5.0.0",
        "@pixi/settings": "5.0.0"
      }
    },
    "@pixi/filter-color-matrix": {
      "version": "5.0.0",
      "resolved": "https://registry.npmjs.org/@pixi/filter-color-matrix/-/filter-color-matrix-5.0.0.tgz",
      "integrity": "sha512-UJneWxYE1ucr7FsoeBcZlkVMHbulf+vrhqdBCUWBtd2WWiYg2c7n2ZuP+WBIb8Z06bHHZXgQyTGoIaQkDBHStQ==",
      "requires": {
        "@pixi/core": "5.0.0"
      }
    },
    "@pixi/filter-displacement": {
      "version": "5.0.0",
      "resolved": "https://registry.npmjs.org/@pixi/filter-displacement/-/filter-displacement-5.0.0.tgz",
      "integrity": "sha512-MESiK0lOaqYES8dWcaCqOw2nGb6aFozRKl41OOIib+MCEg4BB91feZq8GadRpDPxgeigM5OLl1/V64jxw5lXlw==",
      "requires": {
        "@pixi/core": "5.0.0",
        "@pixi/math": "5.0.0-rc.3"
      }
    },
    "@pixi/filter-fxaa": {
      "version": "5.0.0",
      "resolved": "https://registry.npmjs.org/@pixi/filter-fxaa/-/filter-fxaa-5.0.0.tgz",
      "integrity": "sha512-hx1pqjjFf8iwTDwlJGPhewDToIqlQxj07G2DIp7PSAbAAJb7kbcCknvUOlAZtebGT5p/Jc2YgWEx99Nhd1YgWg==",
      "requires": {
        "@pixi/core": "5.0.0"
      }
    },
    "@pixi/filter-noise": {
      "version": "5.0.0",
      "resolved": "https://registry.npmjs.org/@pixi/filter-noise/-/filter-noise-5.0.0.tgz",
      "integrity": "sha512-ewk80yH0Dqz7Lj6SuSGDIX47P5KzBHgpmDUMiTTjcaLyf7Aq684VEpx6tyOONezAjGpaaWnFk0p1bpUArb8YRA==",
      "requires": {
        "@pixi/core": "5.0.0"
      }
    },
    "@pixi/graphics": {
      "version": "5.0.0",
      "resolved": "https://registry.npmjs.org/@pixi/graphics/-/graphics-5.0.0.tgz",
      "integrity": "sha512-RiWOMl8eOpQ8kZbn8+t5ybuO5GtBakJ/ADBgfSDTIQvo6qqaV5Yre0yOei72Fpvn2eQKq5zz+4ZpR3hnUxc0+w==",
      "requires": {
        "@pixi/constants": "5.0.0-rc.3",
        "@pixi/core": "5.0.0",
        "@pixi/display": "5.0.0",
        "@pixi/math": "5.0.0-rc.3",
        "@pixi/sprite": "5.0.0",
        "@pixi/utils": "5.0.0"
      }
    },
    "@pixi/interaction": {
      "version": "5.0.0",
      "resolved": "https://registry.npmjs.org/@pixi/interaction/-/interaction-5.0.0.tgz",
      "integrity": "sha512-1wzpJnXRSIAlm2VLmk5tmntrihurCNUFtZmM52zw8TT1XZVP6IW1jbwIpphw1UXZOOS4JIpIV/oOnyRW0Ry/Ow==",
      "requires": {
        "@pixi/core": "5.0.0",
        "@pixi/display": "5.0.0",
        "@pixi/math": "5.0.0-rc.3",
        "@pixi/ticker": "5.0.0",
        "@pixi/utils": "5.0.0"
      }
    },
    "@pixi/loaders": {
      "version": "5.0.0",
      "resolved": "https://registry.npmjs.org/@pixi/loaders/-/loaders-5.0.0.tgz",
      "integrity": "sha512-KL/T/N2ZuC2L2cXuX/6bjxtcax7AbKw6OyK/zoG0vqq3MHOLNDDTkCrx56fTF2PNO8IFP3TD3M9flO82CrmuWQ==",
      "requires": {
        "@pixi/core": "5.0.0",
        "@pixi/utils": "5.0.0",
        "resource-loader": "2.2.4"
      }
    },
    "@pixi/math": {
      "version": "5.0.0-rc.3",
      "resolved": "https://registry.npmjs.org/@pixi/math/-/math-5.0.0-rc.3.tgz",
      "integrity": "sha512-of/s2hHwTAN4wOxnLYQDIJftWFJgZ+S24U5N/fP6RHs6OQyegOX3q7f9uvwa+c6ssFNzGpPIF0Df7U2yKZdPFQ=="
    },
    "@pixi/mesh": {
      "version": "5.0.0",
      "resolved": "https://registry.npmjs.org/@pixi/mesh/-/mesh-5.0.0.tgz",
      "integrity": "sha512-jJwXzXBFfO8jTDbdMcE/laYJ/JxluCGqZpkiuiSKvcTwGdtfamHOar6JuaXVtOwdyLgiHEzPmXWp3+Q1pJ2HYw==",
      "requires": {
        "@pixi/constants": "5.0.0-rc.3",
        "@pixi/core": "5.0.0",
        "@pixi/display": "5.0.0",
        "@pixi/math": "5.0.0-rc.3",
        "@pixi/settings": "5.0.0",
        "@pixi/utils": "5.0.0"
      }
    },
    "@pixi/mesh-extras": {
      "version": "5.0.0",
      "resolved": "https://registry.npmjs.org/@pixi/mesh-extras/-/mesh-extras-5.0.0.tgz",
      "integrity": "sha512-HWQLXj65gQ2IxOBQBFBlBgH/+Ldy7IM+afDbeDfV3cL+JXvRgtB+IUdgf6D57lVMOZm6Bv8v8oFKPVzPuwiu4Q==",
      "requires": {
        "@pixi/constants": "5.0.0-rc.3",
        "@pixi/core": "5.0.0",
        "@pixi/math": "5.0.0-rc.3",
        "@pixi/mesh": "5.0.0",
        "@pixi/utils": "5.0.0"
      }
    },
    "@pixi/mixin-cache-as-bitmap": {
      "version": "5.0.0",
      "resolved": "https://registry.npmjs.org/@pixi/mixin-cache-as-bitmap/-/mixin-cache-as-bitmap-5.0.0.tgz",
      "integrity": "sha512-PYAzDqsQvDoyDsLbfiYVbI3TUNaUkcsPK7IQltsufdp+lNHIS5uItRsiAHyCqqs6YQilWMocwEHUyYLDbxQZDQ==",
      "requires": {
        "@pixi/core": "5.0.0",
        "@pixi/display": "5.0.0",
        "@pixi/math": "5.0.0-rc.3",
        "@pixi/settings": "5.0.0",
        "@pixi/sprite": "5.0.0",
        "@pixi/utils": "5.0.0"
      }
    },
    "@pixi/mixin-get-child-by-name": {
      "version": "5.0.0",
      "resolved": "https://registry.npmjs.org/@pixi/mixin-get-child-by-name/-/mixin-get-child-by-name-5.0.0.tgz",
      "integrity": "sha512-J/Pr5yCDgvBICXGIlYZieXX/L3NhGena8ndfoWvQJXKpe5JwQ52Qtps6DptRwd/bHn00MJC1PG3MLs7To6rIkA==",
      "requires": {
        "@pixi/display": "5.0.0"
      }
    },
    "@pixi/mixin-get-global-position": {
      "version": "5.0.0",
      "resolved": "https://registry.npmjs.org/@pixi/mixin-get-global-position/-/mixin-get-global-position-5.0.0.tgz",
      "integrity": "sha512-nSQNidvsVTQxWd8uVkReta68Y9q+CC0e+TU7YZtg2GNqV8lTy9e8vP0/Cfv0gwsqx5E/qTBkR3tsnPUXPkLquQ==",
      "requires": {
        "@pixi/display": "5.0.0",
        "@pixi/math": "5.0.0-rc.3"
      }
    },
    "@pixi/particles": {
      "version": "5.0.0",
      "resolved": "https://registry.npmjs.org/@pixi/particles/-/particles-5.0.0.tgz",
      "integrity": "sha512-A4dpzBoCZJuvDkYfi0WEBOQS1mu69zRlu0CDQWF8QmnfMZLk5gHsb7N+9KWmidxBJsCogW+6I5sWmnDu1g4mCw==",
      "requires": {
        "@pixi/constants": "5.0.0-rc.3",
        "@pixi/core": "5.0.0",
        "@pixi/display": "5.0.0",
        "@pixi/math": "5.0.0-rc.3",
        "@pixi/utils": "5.0.0"
      }
    },
    "@pixi/polyfill": {
      "version": "5.0.0",
      "resolved": "https://registry.npmjs.org/@pixi/polyfill/-/polyfill-5.0.0.tgz",
      "integrity": "sha512-3S+rZ0JtAvkGMluXTnE0UrN47IkPqQ9wluLfQBbtz7U0ZNJK7x/k/JmMEkbSoz7n39wfEfcEggqII+Nmi4gf6A==",
      "requires": {
        "es6-promise-polyfill": "1.2.0",
        "object-assign": "4.1.1"
      }
    },
    "@pixi/prepare": {
      "version": "5.0.0",
      "resolved": "https://registry.npmjs.org/@pixi/prepare/-/prepare-5.0.0.tgz",
      "integrity": "sha512-gLtMu6SRnLzelGt8+U1P1NYjZpOunGOnPpQ5fPp6N+RHO4Vab4fNm2xkbYO0FOpWH/jDxj1qL0r8fIUMGJH07A==",
      "requires": {
        "@pixi/core": "5.0.0",
        "@pixi/display": "5.0.0",
        "@pixi/graphics": "5.0.0",
        "@pixi/settings": "5.0.0",
        "@pixi/text": "5.0.0",
        "@pixi/ticker": "5.0.0"
      }
    },
    "@pixi/runner": {
      "version": "5.0.0",
      "resolved": "https://registry.npmjs.org/@pixi/runner/-/runner-5.0.0.tgz",
      "integrity": "sha512-VytqTmLpNLgyp4m463R4asahtAyrvasuCvFiigX4/rOZsndrujYVCdH9xCO6Yy6RE7PR1Jflmlx/xV2GE9QKaw=="
    },
    "@pixi/settings": {
      "version": "5.0.0",
      "resolved": "https://registry.npmjs.org/@pixi/settings/-/settings-5.0.0.tgz",
      "integrity": "sha512-i53i4eTLawQ3RZsGRbccggZbbdnrhdiqa3obwsWJD/kqjJ3WF5IBxgeLOL70fQhjchQzZj8cTohpd6OIGbTRzQ==",
      "requires": {
        "ismobilejs": "0.5.1"
      }
    },
    "@pixi/sprite": {
      "version": "5.0.0",
      "resolved": "https://registry.npmjs.org/@pixi/sprite/-/sprite-5.0.0.tgz",
      "integrity": "sha512-Ik+ROmpYAHlDIkocXxfr/0QjupbTWH5HmzH/EAFz9Ro6ywla2V65CqyBjOW8JGvpwBZGQAmHCvjim01HpYDfeg==",
      "requires": {
        "@pixi/constants": "5.0.0-rc.3",
        "@pixi/core": "5.0.0",
        "@pixi/display": "5.0.0",
        "@pixi/math": "5.0.0-rc.3",
        "@pixi/settings": "5.0.0",
        "@pixi/utils": "5.0.0"
      }
    },
    "@pixi/sprite-animated": {
      "version": "5.0.0",
      "resolved": "https://registry.npmjs.org/@pixi/sprite-animated/-/sprite-animated-5.0.0.tgz",
      "integrity": "sha512-FFQwOGd2kWvdw8tifjDZ8N3S+gVmKTEccnt+k2AWPlYLrP7oQao69lY1P/KtpNFHKJG4YzRCGaeas8scECPVqw==",
      "requires": {
        "@pixi/core": "5.0.0",
        "@pixi/sprite": "5.0.0",
        "@pixi/ticker": "5.0.0"
      }
    },
    "@pixi/sprite-tiling": {
      "version": "5.0.0",
      "resolved": "https://registry.npmjs.org/@pixi/sprite-tiling/-/sprite-tiling-5.0.0.tgz",
      "integrity": "sha512-MtKV69mRaVZNndkDUGdhrcs2c6DgLMJjbLMEjyJPhMQZzq689/lwJ07dpz2huX0JBsfGSHljdmiBFGBaNRHWQw==",
      "requires": {
        "@pixi/constants": "5.0.0-rc.3",
        "@pixi/core": "5.0.0",
        "@pixi/display": "5.0.0",
        "@pixi/math": "5.0.0-rc.3",
        "@pixi/sprite": "5.0.0",
        "@pixi/utils": "5.0.0"
      }
    },
    "@pixi/spritesheet": {
      "version": "5.0.0",
      "resolved": "https://registry.npmjs.org/@pixi/spritesheet/-/spritesheet-5.0.0.tgz",
      "integrity": "sha512-uqih82e+uoMDyPo4GUDMp9uPiwvXD9yN43g2a0ymRUxeqjMj9VPjMmbq6w01fMy2EXSNbXf8YVz6+UKZw0dLpw==",
      "requires": {
        "@pixi/core": "5.0.0",
        "@pixi/loaders": "5.0.0",
        "@pixi/math": "5.0.0-rc.3",
        "@pixi/utils": "5.0.0"
      }
    },
    "@pixi/text": {
      "version": "5.0.0",
      "resolved": "https://registry.npmjs.org/@pixi/text/-/text-5.0.0.tgz",
      "integrity": "sha512-2p/H3QG+qajMnRuKH++gWp5eKptSuRWQDsZFwmx/7wNWS4NL4pUDPlP4cn4v5bNRf751/rPlnrE5V1+eNmk96Q==",
      "requires": {
        "@pixi/core": "5.0.0",
        "@pixi/math": "5.0.0-rc.3",
        "@pixi/settings": "5.0.0",
        "@pixi/sprite": "5.0.0",
        "@pixi/utils": "5.0.0"
      }
    },
    "@pixi/text-bitmap": {
      "version": "5.0.0",
      "resolved": "https://registry.npmjs.org/@pixi/text-bitmap/-/text-bitmap-5.0.0.tgz",
      "integrity": "sha512-rN2FO+91MdopKxyZOhWSP3brz78gK+NpBE/tSV2TQpB04Fk/qPm3+meFVBWyuLof731eaCjRwOYNYBWko185tQ==",
      "requires": {
        "@pixi/core": "5.0.0",
        "@pixi/display": "5.0.0",
        "@pixi/loaders": "5.0.0",
        "@pixi/math": "5.0.0-rc.3",
        "@pixi/settings": "5.0.0",
        "@pixi/sprite": "5.0.0",
        "@pixi/utils": "5.0.0"
      }
    },
    "@pixi/ticker": {
      "version": "5.0.0",
      "resolved": "https://registry.npmjs.org/@pixi/ticker/-/ticker-5.0.0.tgz",
      "integrity": "sha512-V2LvbnqV1aSatTNJNv7chR/gY5TGOZL/uUh9GbllORI9DejGWKUPXd2ejPRlZ6/fhTaDxBxDENGfkO/ElLNXeg==",
      "requires": {
        "@pixi/settings": "5.0.0"
      }
    },
    "@pixi/utils": {
      "version": "5.0.0",
      "resolved": "https://registry.npmjs.org/@pixi/utils/-/utils-5.0.0.tgz",
      "integrity": "sha512-0/4avsQ68sQWMW3Jg1utkBsys16kO5ZTbYfPn04XBxV5LZLbpiN2xr7rEb4esqWdP+U7mjCAG4u1G2CtjzqKGA==",
      "requires": {
        "@pixi/constants": "5.0.0-rc.3",
        "@pixi/settings": "5.0.0",
        "earcut": "2.1.5",
        "eventemitter3": "3.1.2",
        "url": "0.11.0"
      }
    },
    "earcut": {
      "version": "2.1.5",
      "resolved": "https://registry.npmjs.org/earcut/-/earcut-2.1.5.tgz",
      "integrity": "sha512-QFWC7ywTVLtvRAJTVp8ugsuuGQ5mVqNmJ1cRYeLrSHgP3nycr2RHTJob9OtM0v8ujuoKN0NY1a93J/omeTL1PA=="
    },
    "es6-promise-polyfill": {
      "version": "1.2.0",
      "resolved": "https://registry.npmjs.org/es6-promise-polyfill/-/es6-promise-polyfill-1.2.0.tgz",
      "integrity": "sha1-84kl8jyz4+jObNqP93T867sJDN4="
    },
    "eventemitter3": {
      "version": "3.1.2",
      "resolved": "https://registry.npmjs.org/eventemitter3/-/eventemitter3-3.1.2.tgz",
      "integrity": "sha512-tvtQIeLVHjDkJYnzf2dgVMxfuSGJeM/7UCG17TT4EumTfNtF+0nebF/4zWOIkCreAbtNqhGEboB6BWrwqNaw4Q=="
    },
    "ismobilejs": {
      "version": "0.5.1",
      "resolved": "https://registry.npmjs.org/ismobilejs/-/ismobilejs-0.5.1.tgz",
      "integrity": "sha512-QX4STsOcBYqlTjVGuAdP1MiRVxtiUbRHOKH0v7Gn1EvfUVIQnrSdgCM4zB4VCZuIejnb2NUMUx0Bwd3EIG6yyA=="
    },
    "mini-signals": {
      "version": "1.2.0",
      "resolved": "https://registry.npmjs.org/mini-signals/-/mini-signals-1.2.0.tgz",
      "integrity": "sha1-RbCAE8X65RokqhqTXNMXye1yHXQ="
    },
    "object-assign": {
      "version": "4.1.1",
      "resolved": "https://registry.npmjs.org/object-assign/-/object-assign-4.1.1.tgz",
      "integrity": "sha1-IQmtx5ZYh8/AXLvUQsrIv7s2CGM="
    },
    "parse-uri": {
      "version": "1.0.0",
      "resolved": "https://registry.npmjs.org/parse-uri/-/parse-uri-1.0.0.tgz",
      "integrity": "sha1-KHLcwi8aeXrN4Vg9igrClVLdrCA="
    },
    "pixi.js": {
      "version": "5.0.0",
      "resolved": "https://registry.npmjs.org/pixi.js/-/pixi.js-5.0.0.tgz",
      "integrity": "sha512-15G8+96Tcp2KtsWt8/ceqFOp42zmd0Lm3hH+b3IQfxrX7PNIYpZozyGY4JTz1eCm05+N3fZBgGYSON5xt4OUng==",
      "requires": {
        "@pixi/accessibility": "5.0.0",
        "@pixi/app": "5.0.0",
        "@pixi/constants": "5.0.0-rc.3",
        "@pixi/core": "5.0.0",
        "@pixi/display": "5.0.0",
        "@pixi/extract": "5.0.0",
        "@pixi/filter-alpha": "5.0.0",
        "@pixi/filter-blur": "5.0.0",
        "@pixi/filter-color-matrix": "5.0.0",
        "@pixi/filter-displacement": "5.0.0",
        "@pixi/filter-fxaa": "5.0.0",
        "@pixi/filter-noise": "5.0.0",
        "@pixi/graphics": "5.0.0",
        "@pixi/interaction": "5.0.0",
        "@pixi/loaders": "5.0.0",
        "@pixi/math": "5.0.0-rc.3",
        "@pixi/mesh": "5.0.0",
        "@pixi/mesh-extras": "5.0.0",
        "@pixi/mixin-cache-as-bitmap": "5.0.0",
        "@pixi/mixin-get-child-by-name": "5.0.0",
        "@pixi/mixin-get-global-position": "5.0.0",
        "@pixi/particles": "5.0.0",
        "@pixi/polyfill": "5.0.0",
        "@pixi/prepare": "5.0.0",
        "@pixi/runner": "5.0.0",
        "@pixi/settings": "5.0.0",
        "@pixi/sprite": "5.0.0",
        "@pixi/sprite-animated": "5.0.0",
        "@pixi/sprite-tiling": "5.0.0",
        "@pixi/spritesheet": "5.0.0",
        "@pixi/text": "5.0.0",
        "@pixi/text-bitmap": "5.0.0",
        "@pixi/ticker": "5.0.0",
        "@pixi/utils": "5.0.0"
      }
    },
    "punycode": {
      "version": "1.3.2",
      "resolved": "https://registry.npmjs.org/punycode/-/punycode-1.3.2.tgz",
      "integrity": "sha1-llOgNvt8HuQjQvIyXM7v6jkmxI0="
    },
    "querystring": {
      "version": "0.2.0",
      "resolved": "https://registry.npmjs.org/querystring/-/querystring-0.2.0.tgz",
      "integrity": "sha1-sgmEkgO7Jd+CDadW50cAWHhSFiA="
    },
    "resource-loader": {
      "version": "2.2.4",
      "resolved": "https://registry.npmjs.org/resource-loader/-/resource-loader-2.2.4.tgz",
      "integrity": "sha512-MrY0bEJN26us3h4bzJUSP0n4tFEb79lCpYBavtLjSezWCcXZMgxhSgvC9LxueuqpcxG+qPjhwFu5SQAcUNacdA==",
      "requires": {
        "mini-signals": "1.2.0",
        "parse-uri": "1.0.0"
      }
    },
    "url": {
      "version": "0.11.0",
      "resolved": "https://registry.npmjs.org/url/-/url-0.11.0.tgz",
      "integrity": "sha1-ODjpfPxgUh63PFJajlW/3Z4uKPE=",
      "requires": {
        "punycode": "1.3.2",
        "querystring": "0.2.0"
      }
    },
    "uuid": {
      "version": "3.3.2",
      "resolved": "https://registry.npmjs.org/uuid/-/uuid-3.3.2.tgz",
      "integrity": "sha512-yXJmeNaw3DnnKAOKJE51sL/ZaYfWJRl1pK9dr19YFCu0ObS231AB1/LbqTKRAQ5kw8A90rA6fr4riOUpTZvQZA=="
    }
  }
}
